
Microsoft Visual Studio Solution File, Format Version 12.00
# Visual Studio Version 16
VisualStudioVersion = 16.0.31112.23
MinimumVisualStudioVersion = 10.0.40219.1
Project("{FAE04EC0-301F-11D3-BF4B-00C04F79EFBC}") = "Mastermind", "ChoixCoul\Mastermind.csproj", "{3031562C-CBD1-4E27-B66A-329F7A99BA53}"
EndProject
Global
	GlobalSection(SolutionConfigurationPlatforms) = preSolution
		Debug|Any CPU = Debug|Any CPU
		Release|Any CPU = Release|Any CPU
	EndGlobalSection
	GlobalSection(ProjectConfigurationPlatforms) = postSolution
		{3031562C-CBD1-4E27-B66A-329F7A99BA53}.Debug|Any CPU.ActiveCfg = Debug|Any CPU
		{3031562C-CBD1-4E27-B66A-329F7A99BA53}.Debug|Any CPU.Build.0 = Debug|Any CPU
		{3031562C-CBD1-4E27-B66A-329F7A99BA53}.Release|Any CPU.ActiveCfg = Release|Any CPU
		{3031562C-CBD1-4E27-B66A-329F7A99BA53}.Release|Any CPU.Build.0 = Release|Any CPU
	EndGlobalSection
	GlobalSection(SolutionProperties) = preSolution
		HideSolutionNode = FALSE
	EndGlobalSection
	GlobalSection(ExtensibilityGlobals) = postSolution
		SolutionGuid = {EA72E5CC-E155-4590-A5AD-E54929780B2C}
	EndGlobalSection
EndGlobal
